
Microsoft Visual Studio Solution File, Format Version 12.00
# Visual Studio Version 16
VisualStudioVersion = 16.0.31605.320
MinimumVisualStudioVersion = 10.0.40219.1
Project("{FAE04EC0-301F-11D3-BF4B-00C04F79EFBC}") = "ДЗ 3 Task 3", "ДЗ 3 Task 3.csproj", "{265704ED-01AC-4959-9B82-1D0C22210DED}"
EndProject
Global
	GlobalSection(SolutionConfigurationPlatforms) = preSolution
		Debug|Any CPU = Debug|Any CPU
		Release|Any CPU = Release|Any CPU
	EndGlobalSection
	GlobalSection(ProjectConfigurationPlatforms) = postSolution
		{265704ED-01AC-4959-9B82-1D0C22210DED}.Debug|Any CPU.ActiveCfg = Debug|Any CPU
		{265704ED-01AC-4959-9B82-1D0C22210DED}.Debug|Any CPU.Build.0 = Debug|Any CPU
		{265704ED-01AC-4959-9B82-1D0C22210DED}.Release|Any CPU.ActiveCfg = Release|Any CPU
		{265704ED-01AC-4959-9B82-1D0C22210DED}.Release|Any CPU.Build.0 = Release|Any CPU
	EndGlobalSection
	GlobalSection(SolutionProperties) = preSolution
		HideSolutionNode = FALSE
	EndGlobalSection
	GlobalSection(ExtensibilityGlobals) = postSolution
		SolutionGuid = {6EB57CCD-85C4-426B-8651-818AACD389C6}
	EndGlobalSection
EndGlobal
